
Microsoft Visual Studio Solution File, Format Version 12.00
# Visual Studio 2013
VisualStudioVersion = 12.0.40629.0
MinimumVisualStudioVersion = 10.0.40219.1
Project("{FAE04EC0-301F-11D3-BF4B-00C04F79EFBC}") = "ApplicationMVC", "ApplicationMVC\ApplicationMVC.csproj", "{B5816133-AA33-452F-887F-4BDD49D7249A}"
EndProject
Project("{FAE04EC0-301F-11D3-BF4B-00C04F79EFBC}") = "DAL", "DAL\DAL.csproj", "{C41D5062-2256-49AB-827A-2A19579D4D83}"
EndProject
Global
	GlobalSection(SolutionConfigurationPlatforms) = preSolution
		Debug|Any CPU = Debug|Any CPU
		Release|Any CPU = Release|Any CPU
	EndGlobalSection
	GlobalSection(ProjectConfigurationPlatforms) = postSolution
		{B5816133-AA33-452F-887F-4BDD49D7249A}.Debug|Any CPU.ActiveCfg = Debug|Any CPU
		{B5816133-AA33-452F-887F-4BDD49D7249A}.Debug|Any CPU.Build.0 = Debug|Any CPU
		{B5816133-AA33-452F-887F-4BDD49D7249A}.Release|Any CPU.ActiveCfg = Release|Any CPU
		{B5816133-AA33-452F-887F-4BDD49D7249A}.Release|Any CPU.Build.0 = Release|Any CPU
		{C41D5062-2256-49AB-827A-2A19579D4D83}.Debug|Any CPU.ActiveCfg = Debug|Any CPU
		{C41D5062-2256-49AB-827A-2A19579D4D83}.Debug|Any CPU.Build.0 = Debug|Any CPU
		{C41D5062-2256-49AB-827A-2A19579D4D83}.Release|Any CPU.ActiveCfg = Release|Any CPU
		{C41D5062-2256-49AB-827A-2A19579D4D83}.Release|Any CPU.Build.0 = Release|Any CPU
	EndGlobalSection
	GlobalSection(SolutionProperties) = preSolution
		HideSolutionNode = FALSE
	EndGlobalSection
EndGlobal
